
Microsoft Visual Studio Solution File, Format Version 12.00
# Visual Studio 15
VisualStudioVersion = 15.0.28010.2050
MinimumVisualStudioVersion = 10.0.40219.1
Project("{FAE04EC0-301F-11D3-BF4B-00C04F79EFBC}") = "QAassignment2", "QAassignment2\QAassignment2.csproj", "{AE419AE9-B81B-48F8-886E-AC3266594015}"
EndProject
Project("{FAE04EC0-301F-11D3-BF4B-00C04F79EFBC}") = "QAassignment2_tests", "QAassignment2_tests\QAassignment2_tests.csproj", "{C75E297A-54D0-4875-B80A-86A804530B80}"
EndProject
Global
	GlobalSection(SolutionConfigurationPlatforms) = preSolution
		Debug|Any CPU = Debug|Any CPU
		Release|Any CPU = Release|Any CPU
	EndGlobalSection
	GlobalSection(ProjectConfigurationPlatforms) = postSolution
		{AE419AE9-B81B-48F8-886E-AC3266594015}.Debug|Any CPU.ActiveCfg = Debug|Any CPU
		{AE419AE9-B81B-48F8-886E-AC3266594015}.Debug|Any CPU.Build.0 = Debug|Any CPU
		{AE419AE9-B81B-48F8-886E-AC3266594015}.Release|Any CPU.ActiveCfg = Release|Any CPU
		{AE419AE9-B81B-48F8-886E-AC3266594015}.Release|Any CPU.Build.0 = Release|Any CPU
		{C75E297A-54D0-4875-B80A-86A804530B80}.Debug|Any CPU.ActiveCfg = Debug|Any CPU
		{C75E297A-54D0-4875-B80A-86A804530B80}.Debug|Any CPU.Build.0 = Debug|Any CPU
		{C75E297A-54D0-4875-B80A-86A804530B80}.Release|Any CPU.ActiveCfg = Release|Any CPU
		{C75E297A-54D0-4875-B80A-86A804530B80}.Release|Any CPU.Build.0 = Release|Any CPU
	EndGlobalSection
	GlobalSection(SolutionProperties) = preSolution
		HideSolutionNode = FALSE
	EndGlobalSection
	GlobalSection(ExtensibilityGlobals) = postSolution
		SolutionGuid = {252E77C3-28F1-4DB4-84E8-A7719D62006D}
	EndGlobalSection
EndGlobal
